// !$*UTF8*$!
{
	archiveVersion = 1;
	classes = {
	};
	objectVersion = 56;
	objects = {

/* Begin PBXBuildFile section */
		8635B5492B5579A50084A7C6 /* AppDelegate.swift in Sources */ = {isa = PBXBuildFile; fileRef = 8635B5482B5579A50084A7C6 /* AppDelegate.swift */; };
		8635B54B2B5579A50084A7C6 /* SceneDelegate.swift in Sources */ = {isa = PBXBuildFile; fileRef = 8635B54A2B5579A50084A7C6 /* SceneDelegate.swift */; };
		8635B54D2B5579A50084A7C6 /* ViewController.swift in Sources */ = {isa = PBXBuildFile; fileRef = 8635B54C2B5579A50084A7C6 /* ViewController.swift */; };
		8635B5502B5579A50084A7C6 /* Main.storyboard in Resources */ = {isa = PBXBuildFile; fileRef = 8635B54E2B5579A50084A7C6 /* Main.storyboard */; };
		8635B5522B5579A60084A7C6 /* Assets.xcassets in Resources */ = {isa = PBXBuildFile; fileRef = 8635B5512B5579A60084A7C6 /* Assets.xcassets */; };
		8635B5552B5579A60084A7C6 /* LaunchScreen.storyboard in Resources */ = {isa = PBXBuildFile; fileRef = 8635B5532B5579A60084A7C6 /* LaunchScreen.storyboard */; };
		8635B55E2B557B0C0084A7C6 /* Localizable.strings in Resources */ = {isa = PBXBuildFile; fileRef = 8635B5602B557B0C0084A7C6 /* Localizable.strings */; };
		8635B5642B557D370084A7C6 /* FontStateManager.swift in Sources */ = {isa = PBXBuildFile; fileRef = 8635B5632B557D370084A7C6 /* FontStateManager.swift */; };
		8635B5662B557D4D0084A7C6 /* FontDownloader.swift in Sources */ = {isa = PBXBuildFile; fileRef = 8635B5652B557D4D0084A7C6 /* FontDownloader.swift */; };
		8635B5692B557E3E0084A7C6 /* List.swift in Sources */ = {isa = PBXBuildFile; fileRef = 8635B5682B557E3E0084A7C6 /* List.swift */; };
		8635B56B2B557E520084A7C6 /* Preview.swift in Sources */ = {isa = PBXBuildFile; fileRef = 8635B56A2B557E520084A7C6 /* Preview.swift */; };
		8635B56D2B557EB20084A7C6 /* FontData.swift in Sources */ = {isa = PBXBuildFile; fileRef = 8635B56C2B557EB20084A7C6 /* FontData.swift */; };
/* End PBXBuildFile section */

/* Begin PBXFileReference section */
		8635B5452B5579A50084A7C6 /* FontDownloader.app */ = {isa = PBXFileReference; explicitFileType = wrapper.application; includeInIndex = 0; path = FontDownloader.app; sourceTree = BUILT_PRODUCTS_DIR; };
		8635B5482B5579A50084A7C6 /* AppDelegate.swift */ = {isa = PBXFileReference; lastKnownFileType = sourcecode.swift; path = AppDelegate.swift; sourceTree = "<group>"; };
		8635B54A2B5579A50084A7C6 /* SceneDelegate.swift */ = {isa = PBXFileReference; lastKnownFileType = sourcecode.swift; path = SceneDelegate.swift; sourceTree = "<group>"; };
		8635B54C2B5579A50084A7C6 /* ViewController.swift */ = {isa = PBXFileReference; lastKnownFileType = sourcecode.swift; path = ViewController.swift; sourceTree = "<group>"; };
		8635B54F2B5579A50084A7C6 /* Base */ = {isa = PBXFileReference; lastKnownFileType = file.storyboard; name = Base; path = Base.lproj/Main.storyboard; sourceTree = "<group>"; };
		8635B5512B5579A60084A7C6 /* Assets.xcassets */ = {isa = PBXFileReference; lastKnownFileType = folder.assetcatalog; path = Assets.xcassets; sourceTree = "<group>"; };
		8635B5542B5579A60084A7C6 /* Base */ = {isa = PBXFileReference; lastKnownFileType = file.storyboard; name = Base; path = Base.lproj/LaunchScreen.storyboard; sourceTree = "<group>"; };
		8635B5562B5579A60084A7C6 /* Info.plist */ = {isa = PBXFileReference; lastKnownFileType = text.plist.xml; path = Info.plist; sourceTree = "<group>"; };
		8635B55F2B557B0C0084A7C6 /* en */ = {isa = PBXFileReference; lastKnownFileType = text.plist.strings; name = en; path = en.lproj/Localizable.strings; sourceTree = "<group>"; };
		8635B5612B557B190084A7C6 /* ja */ = {isa = PBXFileReference; lastKnownFileType = text.plist.strings; name = ja; path = ja.lproj/Localizable.strings; sourceTree = "<group>"; };
		8635B5632B557D370084A7C6 /* FontStateManager.swift */ = {isa = PBXFileReference; lastKnownFileType = sourcecode.swift; path = FontStateManager.swift; sourceTree = "<group>"; };
		8635B5652B557D4D0084A7C6 /* FontDownloader.swift */ = {isa = PBXFileReference; lastKnownFileType = sourcecode.swift; path = FontDownloader.swift; sourceTree = "<group>"; };
		8635B5682B557E3E0084A7C6 /* List.swift */ = {isa = PBXFileReference; lastKnownFileType = sourcecode.swift; path = List.swift; sourceTree = "<group>"; };
		8635B56A2B557E520084A7C6 /* Preview.swift */ = {isa = PBXFileReference; lastKnownFileType = sourcecode.swift; path = Preview.swift; sourceTree = "<group>"; };
		8635B56C2B557EB20084A7C6 /* FontData.swift */ = {isa = PBXFileReference; lastKnownFileType = sourcecode.swift; path = FontData.swift; sourceTree = "<group>"; };
/* End PBXFileReference section */

/* Begin PBXFrameworksBuildPhase section */
		8635B5422B5579A50084A7C6 /* Frameworks */ = {
			isa = PBXFrameworksBuildPhase;
			buildActionMask = 2147483647;
			files = (
			);
			runOnlyForDeploymentPostprocessing = 0;
		};
/* End PBXFrameworksBuildPhase section */

/* Begin PBXGroup section */
		8635B53C2B5579A50084A7C6 = {
			isa = PBXGroup;
			children = (
				8635B5472B5579A50084A7C6 /* FontDownloader */,
				8635B5462B5579A50084A7C6 /* Products */,
			);
			sourceTree = "<group>";
		};
		8635B5462B5579A50084A7C6 /* Products */ = {
			isa = PBXGroup;
			children = (
				8635B5452B5579A50084A7C6 /* FontDownloader.app */,
			);
			name = Products;
			sourceTree = "<group>";
		};
		8635B5472B5579A50084A7C6 /* FontDownloader */ = {
			isa = PBXGroup;
			children = (
				8635B5482B5579A50084A7C6 /* AppDelegate.swift */,
				8635B54A2B5579A50084A7C6 /* SceneDelegate.swift */,
				8635B56C2B557EB20084A7C6 /* FontData.swift */,
				8635B5622B557D190084A7C6 /* Model */,
				8635B5672B557E0E0084A7C6 /* View */,
				8635B54E2B5579A50084A7C6 /* Main.storyboard */,
				8635B5512B5579A60084A7C6 /* Assets.xcassets */,
				8635B5532B5579A60084A7C6 /* LaunchScreen.storyboard */,
				8635B5602B557B0C0084A7C6 /* Localizable.strings */,
				8635B5562B5579A60084A7C6 /* Info.plist */,
			);
			path = FontDownloader;
			sourceTree = "<group>";
		};
		8635B5622B557D190084A7C6 /* Model */ = {
			isa = PBXGroup;
			children = (
				8635B5632B557D370084A7C6 /* FontStateManager.swift */,
				8635B5652B557D4D0084A7C6 /* FontDownloader.swift */,
			);
			path = Model;
			sourceTree = "<group>";
		};
		8635B5672B557E0E0084A7C6 /* View */ = {
			isa = PBXGroup;
			children = (
				8635B54C2B5579A50084A7C6 /* ViewController.swift */,
				8635B5682B557E3E0084A7C6 /* List.swift */,
				8635B56A2B557E520084A7C6 /* Preview.swift */,
			);
			path = View;
			sourceTree = "<group>";
		};
/* End PBXGroup section */

/* Begin PBXNativeTarget section */
		8635B5442B5579A50084A7C6 /* FontDownloader */ = {
			isa = PBXNativeTarget;
			buildConfigurationList = 8635B5592B5579A60084A7C6 /* Build configuration list for PBXNativeTarget "FontDownloader" */;
			buildPhases = (
				8635B5412B5579A50084A7C6 /* Sources */,
				8635B5422B5579A50084A7C6 /* Frameworks */,
				8635B5432B5579A50084A7C6 /* Resources */,
			);
			buildRules = (
			);
			dependencies = (
			);
			name = FontDownloader;
			productName = FontDownloader;
			productReference = 8635B5452B5579A50084A7C6 /* FontDownloader.app */;
			productType = "com.apple.product-type.application";
		};
/* End PBXNativeTarget section */

/* Begin PBXProject section */
		8635B53D2B5579A50084A7C6 /* Project object */ = {
			isa = PBXProject;
			attributes = {
				BuildIndependentTargetsInParallel = 1;
				LastSwiftUpdateCheck = 1520;
				LastUpgradeCheck = 1520;
				TargetAttributes = {
					8635B5442B5579A50084A7C6 = {
						CreatedOnToolsVersion = 15.2;
					};
				};
			};
			buildConfigurationList = 8635B5402B5579A50084A7C6 /* Build configuration list for PBXProject "FontDownloader" */;
			compatibilityVersion = "Xcode 14.0";
			developmentRegion = en;
			hasScannedForEncodings = 0;
			knownRegions = (
				en,
				Base,
				ja,
			);
			mainGroup = 8635B53C2B5579A50084A7C6;
			productRefGroup = 8635B5462B5579A50084A7C6 /* Products */;
			projectDirPath = "";
			projectRoot = "";
			targets = (
				8635B5442B5579A50084A7C6 /* FontDownloader */,
			);
		};
/* End PBXProject section */

/* Begin PBXResourcesBuildPhase section */
		8635B5432B5579A50084A7C6 /* Resources */ = {
			isa = PBXResourcesBuildPhase;
			buildActionMask = 2147483647;
			files = (
				8635B5552B5579A60084A7C6 /* LaunchScreen.storyboard in Resources */,
				8635B55E2B557B0C0084A7C6 /* Localizable.strings in Resources */,
				8635B5522B5579A60084A7C6 /* Assets.xcassets in Resources */,
				8635B5502B5579A50084A7C6 /* Main.storyboard in Resources */,
			);
			runOnlyForDeploymentPostprocessing = 0;
		};
/* End PBXResourcesBuildPhase section */

/* Begin PBXSourcesBuildPhase section */
		8635B5412B5579A50084A7C6 /* Sources */ = {
			isa = PBXSourcesBuildPhase;
			buildActionMask = 2147483647;
			files = (
				8635B5662B557D4D0084A7C6 /* FontDownloader.swift in Sources */,
				8635B5642B557D370084A7C6 /* FontStateManager.swift in Sources */,
				8635B56D2B557EB20084A7C6 /* FontData.swift in Sources */,
				8635B54D2B5579A50084A7C6 /* ViewController.swift in Sources */,
				8635B5492B5579A50084A7C6 /* AppDelegate.swift in Sources */,
				8635B56B2B557E520084A7C6 /* Preview.swift in Sources */,
				8635B54B2B5579A50084A7C6 /* SceneDelegate.swift in Sources */,
				8635B5692B557E3E0084A7C6 /* List.swift in Sources */,
			);
			runOnlyForDeploymentPostprocessing = 0;
		};
/* End PBXSourcesBuildPhase section */

/* Begin PBXVariantGroup section */
		8635B54E2B5579A50084A7C6 /* Main.storyboard */ = {
			isa = PBXVariantGroup;
			children = (
				8635B54F2B5579A50084A7C6 /* Base */,
			);
			name = Main.storyboard;
			sourceTree = "<group>";
		};
		8635B5532B5579A60084A7C6 /* LaunchScreen.storyboard */ = {
			isa = PBXVariantGroup;
			children = (
				8635B5542B5579A60084A7C6 /* Base */,
			);
			name = LaunchScreen.storyboard;
			sourceTree = "<group>";
		};
		8635B5602B557B0C0084A7C6 /* Localizable.strings */ = {
			isa = PBXVariantGroup;
			children = (
				8635B55F2B557B0C0084A7C6 /* en */,
				8635B5612B557B190084A7C6 /* ja */,
			);
			name = Localizable.strings;
			sourceTree = "<group>";
		};
/* End PBXVariantGroup section */

/* Begin XCBuildConfiguration section */
		8635B5572B5579A60084A7C6 /* Debug */ = {
			isa = XCBuildConfiguration;
			buildSettings = {
				ALWAYS_SEARCH_USER_PATHS = NO;
				ASSETCATALOG_COMPILER_GENERATE_SWIFT_ASSET_SYMBOL_EXTENSIONS = YES;
				CLANG_ANALYZER_LOCALIZABILITY_NONLOCALIZED = YES;
				CLANG_ANALYZER_NONNULL = YES;
				CLANG_ANALYZER_NUMBER_OBJECT_CONVERSION = YES_AGGRESSIVE;
				CLANG_CXX_LANGUAGE_STANDARD = "gnu++20";
				CLANG_ENABLE_MODULES = YES;
				CLANG_ENABLE_OBJC_ARC = YES;
				CLANG_ENABLE_OBJC_WEAK = YES;
				CLANG_WARN_BLOCK_CAPTURE_AUTORELEASING = YES;
				CLANG_WARN_BOOL_CONVERSION = YES;
				CLANG_WARN_COMMA = YES;
				CLANG_WARN_CONSTANT_CONVERSION = YES;
				CLANG_WARN_DEPRECATED_OBJC_IMPLEMENTATIONS = YES;
				CLANG_WARN_DIRECT_OBJC_ISA_USAGE = YES_ERROR;
				CLANG_WARN_DOCUMENTATION_COMMENTS = YES;
				CLANG_WARN_EMPTY_BODY = YES;
				CLANG_WARN_ENUM_CONVERSION = YES;
				CLANG_WARN_INFINITE_RECURSION = YES;
				CLANG_WARN_INT_CONVERSION = YES;
				CLANG_WARN_NON_LITERAL_NULL_CONVERSION = YES;
				CLANG_WARN_OBJC_IMPLICIT_RETAIN_SELF = YES;
				CLANG_WARN_OBJC_LITERAL_CONVERSION = YES;
				CLANG_WARN_OBJC_ROOT_CLASS = YES_ERROR;
				CLANG_WARN_QUOTED_INCLUDE_IN_FRAMEWORK_HEADER = YES;
				CLANG_WARN_RANGE_LOOP_ANALYSIS = YES;
				CLANG_WARN_STRICT_PROTOTYPES = YES;
				CLANG_WARN_SUSPICIOUS_MOVE = YES;
				CLANG_WARN_UNGUARDED_AVAILABILITY = YES_AGGRESSIVE;
				CLANG_WARN_UNREACHABLE_CODE = YES;
				CLANG_WARN__DUPLICATE_METHOD_MATCH = YES;
				COPY_PHASE_STRIP = NO;
				DEBUG_INFORMATION_FORMAT = dwarf;
				ENABLE_STRICT_OBJC_MSGSEND = YES;
				ENABLE_TESTABILITY = YES;
				ENABLE_USER_SCRIPT_SANDBOXING = YES;
				GCC_C_LANGUAGE_STANDARD = gnu17;
				GCC_DYNAMIC_NO_PIC = NO;
				GCC_NO_COMMON_BLOCKS = YES;
				GCC_OPTIMIZATION_LEVEL = 0;
				GCC_PREPROCESSOR_DEFINITIONS = (
					"DEBUG=1",
					"$(inherited)",
				);
				GCC_WARN_64_TO_32_BIT_CONVERSION = YES;
				GCC_WARN_ABOUT_RETURN_TYPE = YES_ERROR;
				GCC_WARN_UNDECLARED_SELECTOR = YES;
				GCC_WARN_UNINITIALIZED_AUTOS = YES_AGGRESSIVE;
				GCC_WARN_UNUSED_FUNCTION = YES;
				GCC_WARN_UNUSED_VARIABLE = YES;
				IPHONEOS_DEPLOYMENT_TARGET = 15.0;
				LOCALIZATION_PREFERS_STRING_CATALOGS = YES;
				MTL_ENABLE_DEBUG_INFO = INCLUDE_SOURCE;
				MTL_FAST_MATH = YES;
				ONLY_ACTIVE_ARCH = YES;
				SDKROOT = iphoneos;
				SWIFT_ACTIVE_COMPILATION_CONDITIONS = "DEBUG $(inherited)";
				SWIFT_OPTIMIZATION_LEVEL = "-Onone";
			};
			name = Debug;
		};
		8635B5582B5579A60084A7C6 /* Release */ = {
			isa = XCBuildConfiguration;
			buildSettings = {
				ALWAYS_SEARCH_USER_PATHS = NO;
				ASSETCATALOG_COMPILER_GENERATE_SWIFT_ASSET_SYMBOL_EXTENSIONS = YES;
				CLANG_ANALYZER_LOCALIZABILITY_NONLOCALIZED = YES;
				CLANG_ANALYZER_NONNULL = YES;
				CLANG_ANALYZER_NUMBER_OBJECT_CONVERSION = YES_AGGRESSIVE;
				CLANG_CXX_LANGUAGE_STANDARD = "gnu++20";
				CLANG_ENABLE_MODULES = YES;
				CLANG_ENABLE_OBJC_ARC = YES;
				CLANG_ENABLE_OBJC_WEAK = YES;
				CLANG_WARN_BLOCK_CAPTURE_AUTORELEASING = YES;
				CLANG_WARN_BOOL_CONVERSION = YES;
				CLANG_WARN_COMMA = YES;
				CLANG_WARN_CONSTANT_CONVERSION = YES;
				CLANG_WARN_DEPRECATED_OBJC_IMPLEMENTATIONS = YES;
				CLANG_WARN_DIRECT_OBJC_ISA_USAGE = YES_ERROR;
				CLANG_WARN_DOCUMENTATION_COMMENTS = YES;
				CLANG_WARN_EMPTY_BODY = YES;
				CLANG_WARN_ENUM_CONVERSION = YES;
				CLANG_WARN_INFINITE_RECURSION = YES;
				CLANG_WARN_INT_CONVERSION = YES;
				CLANG_WARN_NON_LITERAL_NULL_CONVERSION = YES;
				CLANG_WARN_OBJC_IMPLICIT_RETAIN_SELF = YES;
				CLANG_WARN_OBJC_LITERAL_CONVERSION = YES;
				CLANG_WARN_OBJC_ROOT_CLASS = YES_ERROR;
				CLANG_WARN_QUOTED_INCLUDE_IN_FRAMEWORK_HEADER = YES;
				CLANG_WARN_RANGE_LOOP_ANALYSIS = YES;
				CLANG_WARN_STRICT_PROTOTYPES = YES;
				CLANG_WARN_SUSPICIOUS_MOVE = YES;
				CLANG_WARN_UNGUARDED_AVAILABILITY = YES_AGGRESSIVE;
				CLANG_WARN_UNREACHABLE_CODE = YES;
				CLANG_WARN__DUPLICATE_METHOD_MATCH = YES;
				COPY_PHASE_STRIP = NO;
				DEBUG_INFORMATION_FORMAT = "dwarf-with-dsym";
				ENABLE_NS_ASSERTIONS = NO;
				ENABLE_STRICT_OBJC_MSGSEND = YES;
				ENABLE_USER_SCRIPT_SANDBOXING = YES;
				GCC_C_LANGUAGE_STANDARD = gnu17;
				GCC_NO_COMMON_BLOCKS = YES;
				GCC_WARN_64_TO_32_BIT_CONVERSION = YES;
				GCC_WARN_ABOUT_RETURN_TYPE = YES_ERROR;
				GCC_WARN_UNDECLARED_SELECTOR = YES;
				GCC_WARN_UNINITIALIZED_AUTOS = YES_AGGRESSIVE;
				GCC_WARN_UNUSED_FUNCTION = YES;
				GCC_WARN_UNUSED_VARIABLE = YES;
				IPHONEOS_DEPLOYMENT_TARGET = 15.0;
				LOCALIZATION_PREFERS_STRING_CATALOGS = YES;
				MTL_ENABLE_DEBUG_INFO = NO;
				MTL_FAST_MATH = YES;
				SDKROOT = iphoneos;
				SWIFT_COMPILATION_MODE = wholemodule;
				VALIDATE_PRODUCT = YES;
			};
			name = Release;
		};
		8635B55A2B5579A60084A7C6 /* Debug */ = {
			isa = XCBuildConfiguration;
			buildSettings = {
				ASSETCATALOG_COMPILER_APPICON_NAME = AppIcon;
				ASSETCATALOG_COMPILER_GLOBAL_ACCENT_COLOR_NAME = AccentColor;
				CODE_SIGN_STYLE = Automatic;
				CURRENT_PROJECT_VERSION = 1;
				DEVELOPMENT_TEAM = "";
				GENERATE_INFOPLIST_FILE = YES;
				INFOPLIST_FILE = FontDownloader/Info.plist;
				INFOPLIST_KEY_UIApplicationSupportsIndirectInputEvents = YES;
				INFOPLIST_KEY_UILaunchStoryboardName = LaunchScreen;
				INFOPLIST_KEY_UIMainStoryboardFile = Main;
				INFOPLIST_KEY_UISupportedInterfaceOrientations = UIInterfaceOrientationPortrait;
				INFOPLIST_KEY_UISupportedInterfaceOrientations_iPad = "UIInterfaceOrientationLandscapeLeft UIInterfaceOrientationLandscapeRight UIInterfaceOrientationPortrait UIInterfaceOrientationPortraitUpsideDown";
				LD_RUNPATH_SEARCH_PATHS = (
					"$(inherited)",
					"@executable_path/Frameworks",
				);
				MARKETING_VERSION = 1.0;
				PRODUCT_BUNDLE_IDENTIFIER = jp.samekard.FontDownloader;
				PRODUCT_NAME = "$(TARGET_NAME)";
				SWIFT_EMIT_LOC_STRINGS = YES;
				SWIFT_VERSION = 5.0;
				TARGETED_DEVICE_FAMILY = "1,2";
			};
			name = Debug;
		};
		8635B55B2B5579A60084A7C6 /* Release */ = {
			isa = XCBuildConfiguration;
			buildSettings = {
				ASSETCATALOG_COMPILER_APPICON_NAME = AppIcon;
				ASSETCATALOG_COMPILER_GLOBAL_ACCENT_COLOR_NAME = AccentColor;
				CODE_SIGN_STYLE = Automatic;
				CURRENT_PROJECT_VERSION = 1;
				DEVELOPMENT_TEAM = "";
				GENERATE_INFOPLIST_FILE = YES;
				INFOPLIST_FILE = FontDownloader/Info.plist;
				INFOPLIST_KEY_UIApplicationSupportsIndirectInputEvents = YES;
				INFOPLIST_KEY_UILaunchStoryboardName = LaunchScreen;
				INFOPLIST_KEY_UIMainStoryboardFile = Main;
				INFOPLIST_KEY_UISupportedInterfaceOrientations = UIInterfaceOrientationPortrait;
				INFOPLIST_KEY_UISupportedInterfaceOrientations_iPad = "UIInterfaceOrientationLandscapeLeft UIInterfaceOrientationLandscapeRight UIInterfaceOrientationPortrait UIInterfaceOrientationPortraitUpsideDown";
				LD_RUNPATH_SEARCH_PATHS = (
					"$(inherited)",
					"@executable_path/Frameworks",
				);
				MARKETING_VERSION = 1.0;
				PRODUCT_BUNDLE_IDENTIFIER = jp.samekard.FontDownloader;
				PRODUCT_NAME = "$(TARGET_NAME)";
				SWIFT_EMIT_LOC_STRINGS = YES;
				SWIFT_VERSION = 5.0;
				TARGETED_DEVICE_FAMILY = "1,2";
			};
			name = Release;
		};
/* End XCBuildConfiguration section */

/* Begin XCConfigurationList section */
		8635B5402B5579A50084A7C6 /* Build configuration list for PBXProject "FontDownloader" */ = {
			isa = XCConfigurationList;
			buildConfigurations = (
				8635B5572B5579A60084A7C6 /* Debug */,
				8635B5582B5579A60084A7C6 /* Release */,
			);
			defaultConfigurationIsVisible = 0;
			defaultConfigurationName = Release;
		};
		8635B5592B5579A60084A7C6 /* Build configuration list for PBXNativeTarget "FontDownloader" */ = {
			isa = XCConfigurationList;
			buildConfigurations = (
				8635B55A2B5579A60084A7C6 /* Debug */,
				8635B55B2B5579A60084A7C6 /* Release */,
			);
			defaultConfigurationIsVisible = 0;
			defaultConfigurationName = Release;
		};
/* End XCConfigurationList section */
	};
	rootObject = 8635B53D2B5579A50084A7C6 /* Project object */;
}
